
Microsoft Visual Studio Solution File, Format Version 12.00
# Visual Studio Version 16
VisualStudioVersion = 16.0.29102.190
MinimumVisualStudioVersion = 10.0.40219.1
Project("{FAE04EC0-301F-11D3-BF4B-00C04F79EFBC}") = "1-PrimerProyecto", "1-PrimerProyecto\1-PrimerProyecto.csproj", "{ABA3D51B-C01F-4209-9250-3584E8A8BC2C}"
EndProject
Project("{FAE04EC0-301F-11D3-BF4B-00C04F79EFBC}") = "2-CreandoVariables", "2-CreandoVariables\2-CreandoVariables.csproj", "{6934A37B-7C01-4152-B39C-CC3CB221A15D}"
EndProject
Project("{FAE04EC0-301F-11D3-BF4B-00C04F79EFBC}") = "3-CreandoVariablesPuntoFlotante", "3-CreandoVariablesPuntoFlotante\3-CreandoVariablesPuntoFlotante.csproj", "{FE7328A0-8296-41BB-9106-54E493B5B220}"
EndProject
Project("{FAE04EC0-301F-11D3-BF4B-00C04F79EFBC}") = "4-ConversionAOtrosTiposNumericos", "4-ConversionAOtrosTiposNumericos\4-ConversionAOtrosTiposNumericos.csproj", "{1DA48F79-C04B-4896-B5DC-5AE64EE898B1}"
EndProject
Project("{FAE04EC0-301F-11D3-BF4B-00C04F79EFBC}") = "5-CaracteresYTextos", "5-CaracteresYTextos\5-CaracteresYTextos.csproj", "{DF1F7154-6745-4CB7-BC1C-2BFA8E10CA3B}"
EndProject
Project("{FAE04EC0-301F-11D3-BF4B-00C04F79EFBC}") = "6-AsignacionDeVariables", "6-AsignacionDeVariables\6-AsignacionDeVariables.csproj", "{2ABD159F-6ED3-41D2-8E80-EAF18B44AB5E}"
EndProject
Project("{FAE04EC0-301F-11D3-BF4B-00C04F79EFBC}") = "7-Condicionales", "7-Condicionales\7-Condicionales.csproj", "{27D40AE6-627B-44AF-854B-E93DAB123A4E}"
EndProject
Project("{FAE04EC0-301F-11D3-BF4B-00C04F79EFBC}") = "8-Condicionales-2", "8-Condicionales-2\8-Condicionales-2.csproj", "{874BF16F-07D3-4A82-8B41-E27A53CF14B8}"
EndProject
Project("{FAE04EC0-301F-11D3-BF4B-00C04F79EFBC}") = "9-Alcance", "9-Alcance\9-Alcance.csproj", "{699FA3EE-A1E6-493D-85C5-A847F98E00FE}"
EndProject
Project("{FAE04EC0-301F-11D3-BF4B-00C04F79EFBC}") = "10-CalculoInteres", "10-CalculoImpuestos\10-CalculoInteres.csproj", "{F2CB46C6-97A8-4FCD-A6B3-C0FACA770083}"
EndProject
Project("{FAE04EC0-301F-11D3-BF4B-00C04F79EFBC}") = "11-CalculoInteres-2", "11-CalculoInteres-2\11-CalculoInteres-2.csproj", "{DC643296-644F-4273-A982-09A3F1A4F187}"
EndProject
Project("{FAE04EC0-301F-11D3-BF4B-00C04F79EFBC}") = "12-CalculoInteres-3", "13-CalculoInteres-3\12-CalculoInteres-3.csproj", "{FFA8E6A5-4222-4B32-AA44-0A346D381F96}"
EndProject
Project("{FAE04EC0-301F-11D3-BF4B-00C04F79EFBC}") = "13-ForEncadenado", "13-ForEncadenado\13-ForEncadenado.csproj", "{1E548EB6-95F8-46AF-AC78-3354A824623D}"
EndProject
Global
	GlobalSection(SolutionConfigurationPlatforms) = preSolution
		Debug|Any CPU = Debug|Any CPU
		Release|Any CPU = Release|Any CPU
	EndGlobalSection
	GlobalSection(ProjectConfigurationPlatforms) = postSolution
		{ABA3D51B-C01F-4209-9250-3584E8A8BC2C}.Debug|Any CPU.ActiveCfg = Debug|Any CPU
		{ABA3D51B-C01F-4209-9250-3584E8A8BC2C}.Debug|Any CPU.Build.0 = Debug|Any CPU
		{ABA3D51B-C01F-4209-9250-3584E8A8BC2C}.Release|Any CPU.ActiveCfg = Release|Any CPU
		{ABA3D51B-C01F-4209-9250-3584E8A8BC2C}.Release|Any CPU.Build.0 = Release|Any CPU
		{6934A37B-7C01-4152-B39C-CC3CB221A15D}.Debug|Any CPU.ActiveCfg = Debug|Any CPU
		{6934A37B-7C01-4152-B39C-CC3CB221A15D}.Debug|Any CPU.Build.0 = Debug|Any CPU
		{6934A37B-7C01-4152-B39C-CC3CB221A15D}.Release|Any CPU.ActiveCfg = Release|Any CPU
		{6934A37B-7C01-4152-B39C-CC3CB221A15D}.Release|Any CPU.Build.0 = Release|Any CPU
		{FE7328A0-8296-41BB-9106-54E493B5B220}.Debug|Any CPU.ActiveCfg = Debug|Any CPU
		{FE7328A0-8296-41BB-9106-54E493B5B220}.Debug|Any CPU.Build.0 = Debug|Any CPU
		{FE7328A0-8296-41BB-9106-54E493B5B220}.Release|Any CPU.ActiveCfg = Release|Any CPU
		{FE7328A0-8296-41BB-9106-54E493B5B220}.Release|Any CPU.Build.0 = Release|Any CPU
		{1DA48F79-C04B-4896-B5DC-5AE64EE898B1}.Debug|Any CPU.ActiveCfg = Debug|Any CPU
		{1DA48F79-C04B-4896-B5DC-5AE64EE898B1}.Debug|Any CPU.Build.0 = Debug|Any CPU
		{1DA48F79-C04B-4896-B5DC-5AE64EE898B1}.Release|Any CPU.ActiveCfg = Release|Any CPU
		{1DA48F79-C04B-4896-B5DC-5AE64EE898B1}.Release|Any CPU.Build.0 = Release|Any CPU
		{DF1F7154-6745-4CB7-BC1C-2BFA8E10CA3B}.Debug|Any CPU.ActiveCfg = Debug|Any CPU
		{DF1F7154-6745-4CB7-BC1C-2BFA8E10CA3B}.Debug|Any CPU.Build.0 = Debug|Any CPU
		{DF1F7154-6745-4CB7-BC1C-2BFA8E10CA3B}.Release|Any CPU.ActiveCfg = Release|Any CPU
		{DF1F7154-6745-4CB7-BC1C-2BFA8E10CA3B}.Release|Any CPU.Build.0 = Release|Any CPU
		{2ABD159F-6ED3-41D2-8E80-EAF18B44AB5E}.Debug|Any CPU.ActiveCfg = Debug|Any CPU
		{2ABD159F-6ED3-41D2-8E80-EAF18B44AB5E}.Debug|Any CPU.Build.0 = Debug|Any CPU
		{2ABD159F-6ED3-41D2-8E80-EAF18B44AB5E}.Release|Any CPU.ActiveCfg = Release|Any CPU
		{2ABD159F-6ED3-41D2-8E80-EAF18B44AB5E}.Release|Any CPU.Build.0 = Release|Any CPU
		{27D40AE6-627B-44AF-854B-E93DAB123A4E}.Debug|Any CPU.ActiveCfg = Debug|Any CPU
		{27D40AE6-627B-44AF-854B-E93DAB123A4E}.Debug|Any CPU.Build.0 = Debug|Any CPU
		{27D40AE6-627B-44AF-854B-E93DAB123A4E}.Release|Any CPU.ActiveCfg = Release|Any CPU
		{27D40AE6-627B-44AF-854B-E93DAB123A4E}.Release|Any CPU.Build.0 = Release|Any CPU
		{874BF16F-07D3-4A82-8B41-E27A53CF14B8}.Debug|Any CPU.ActiveCfg = Debug|Any CPU
		{874BF16F-07D3-4A82-8B41-E27A53CF14B8}.Debug|Any CPU.Build.0 = Debug|Any CPU
		{874BF16F-07D3-4A82-8B41-E27A53CF14B8}.Release|Any CPU.ActiveCfg = Release|Any CPU
		{874BF16F-07D3-4A82-8B41-E27A53CF14B8}.Release|Any CPU.Build.0 = Release|Any CPU
		{699FA3EE-A1E6-493D-85C5-A847F98E00FE}.Debug|Any CPU.ActiveCfg = Debug|Any CPU
		{699FA3EE-A1E6-493D-85C5-A847F98E00FE}.Debug|Any CPU.Build.0 = Debug|Any CPU
		{699FA3EE-A1E6-493D-85C5-A847F98E00FE}.Release|Any CPU.ActiveCfg = Release|Any CPU
		{699FA3EE-A1E6-493D-85C5-A847F98E00FE}.Release|Any CPU.Build.0 = Release|Any CPU
		{F2CB46C6-97A8-4FCD-A6B3-C0FACA770083}.Debug|Any CPU.ActiveCfg = Debug|Any CPU
		{F2CB46C6-97A8-4FCD-A6B3-C0FACA770083}.Debug|Any CPU.Build.0 = Debug|Any CPU
		{F2CB46C6-97A8-4FCD-A6B3-C0FACA770083}.Release|Any CPU.ActiveCfg = Release|Any CPU
		{F2CB46C6-97A8-4FCD-A6B3-C0FACA770083}.Release|Any CPU.Build.0 = Release|Any CPU
		{DC643296-644F-4273-A982-09A3F1A4F187}.Debug|Any CPU.ActiveCfg = Debug|Any CPU
		{DC643296-644F-4273-A982-09A3F1A4F187}.Debug|Any CPU.Build.0 = Debug|Any CPU
		{DC643296-644F-4273-A982-09A3F1A4F187}.Release|Any CPU.ActiveCfg = Release|Any CPU
		{DC643296-644F-4273-A982-09A3F1A4F187}.Release|Any CPU.Build.0 = Release|Any CPU
		{FFA8E6A5-4222-4B32-AA44-0A346D381F96}.Debug|Any CPU.ActiveCfg = Debug|Any CPU
		{FFA8E6A5-4222-4B32-AA44-0A346D381F96}.Debug|Any CPU.Build.0 = Debug|Any CPU
		{FFA8E6A5-4222-4B32-AA44-0A346D381F96}.Release|Any CPU.ActiveCfg = Release|Any CPU
		{FFA8E6A5-4222-4B32-AA44-0A346D381F96}.Release|Any CPU.Build.0 = Release|Any CPU
		{1E548EB6-95F8-46AF-AC78-3354A824623D}.Debug|Any CPU.ActiveCfg = Debug|Any CPU
		{1E548EB6-95F8-46AF-AC78-3354A824623D}.Debug|Any CPU.Build.0 = Debug|Any CPU
		{1E548EB6-95F8-46AF-AC78-3354A824623D}.Release|Any CPU.ActiveCfg = Release|Any CPU
		{1E548EB6-95F8-46AF-AC78-3354A824623D}.Release|Any CPU.Build.0 = Release|Any CPU
	EndGlobalSection
	GlobalSection(SolutionProperties) = preSolution
		HideSolutionNode = FALSE
	EndGlobalSection
	GlobalSection(ExtensibilityGlobals) = postSolution
		SolutionGuid = {7F3F8631-011F-4350-B72C-3276B34741C0}
	EndGlobalSection
EndGlobal
